
Microsoft Visual Studio Solution File, Format Version 12.00
# Visual Studio Version 16
VisualStudioVersion = 16.0.29728.190
MinimumVisualStudioVersion = 10.0.40219.1
Project("{FAE04EC0-301F-11D3-BF4B-00C04F79EFBC}") = "WEBAPI", "WEBAPI.csproj", "{5CA7754F-15B4-4FAF-ABAC-4366E2E0629A}"
EndProject
Project("{FAE04EC0-301F-11D3-BF4B-00C04F79EFBC}") = "Face.Models", "..\Face.Models\Face.Models.csproj", "{8C430145-D34C-4037-80D4-4160BC2F179C}"
EndProject
Project("{FAE04EC0-301F-11D3-BF4B-00C04F79EFBC}") = "Face.DTO", "..\Face.DTO\Face.DTO.csproj", "{B9FC8AFD-765F-47A0-8BA5-79890774BD01}"
EndProject
Project("{FAE04EC0-301F-11D3-BF4B-00C04F79EFBC}") = "Face.BLL", "..\Face.BLL\Face.BLL.csproj", "{AB6B603E-C155-4943-81B2-FBBBD99F01A9}"
EndProject
Project("{FAE04EC0-301F-11D3-BF4B-00C04F79EFBC}") = "Face.DAL", "..\Face.DAL\Face.DAL.csproj", "{65E4EE2C-24CD-4B94-8D2F-DCFFB69203D2}"
EndProject
Global
	GlobalSection(SolutionConfigurationPlatforms) = preSolution
		Debug|Any CPU = Debug|Any CPU
		Release|Any CPU = Release|Any CPU
	EndGlobalSection
	GlobalSection(ProjectConfigurationPlatforms) = postSolution
		{5CA7754F-15B4-4FAF-ABAC-4366E2E0629A}.Debug|Any CPU.ActiveCfg = Debug|Any CPU
		{5CA7754F-15B4-4FAF-ABAC-4366E2E0629A}.Debug|Any CPU.Build.0 = Debug|Any CPU
		{5CA7754F-15B4-4FAF-ABAC-4366E2E0629A}.Release|Any CPU.ActiveCfg = Release|Any CPU
		{5CA7754F-15B4-4FAF-ABAC-4366E2E0629A}.Release|Any CPU.Build.0 = Release|Any CPU
		{8C430145-D34C-4037-80D4-4160BC2F179C}.Debug|Any CPU.ActiveCfg = Debug|Any CPU
		{8C430145-D34C-4037-80D4-4160BC2F179C}.Debug|Any CPU.Build.0 = Debug|Any CPU
		{8C430145-D34C-4037-80D4-4160BC2F179C}.Release|Any CPU.ActiveCfg = Release|Any CPU
		{8C430145-D34C-4037-80D4-4160BC2F179C}.Release|Any CPU.Build.0 = Release|Any CPU
		{B9FC8AFD-765F-47A0-8BA5-79890774BD01}.Debug|Any CPU.ActiveCfg = Debug|Any CPU
		{B9FC8AFD-765F-47A0-8BA5-79890774BD01}.Debug|Any CPU.Build.0 = Debug|Any CPU
		{B9FC8AFD-765F-47A0-8BA5-79890774BD01}.Release|Any CPU.ActiveCfg = Release|Any CPU
		{B9FC8AFD-765F-47A0-8BA5-79890774BD01}.Release|Any CPU.Build.0 = Release|Any CPU
		{AB6B603E-C155-4943-81B2-FBBBD99F01A9}.Debug|Any CPU.ActiveCfg = Debug|Any CPU
		{AB6B603E-C155-4943-81B2-FBBBD99F01A9}.Debug|Any CPU.Build.0 = Debug|Any CPU
		{AB6B603E-C155-4943-81B2-FBBBD99F01A9}.Release|Any CPU.ActiveCfg = Release|Any CPU
		{AB6B603E-C155-4943-81B2-FBBBD99F01A9}.Release|Any CPU.Build.0 = Release|Any CPU
		{65E4EE2C-24CD-4B94-8D2F-DCFFB69203D2}.Debug|Any CPU.ActiveCfg = Debug|Any CPU
		{65E4EE2C-24CD-4B94-8D2F-DCFFB69203D2}.Debug|Any CPU.Build.0 = Debug|Any CPU
		{65E4EE2C-24CD-4B94-8D2F-DCFFB69203D2}.Release|Any CPU.ActiveCfg = Release|Any CPU
		{65E4EE2C-24CD-4B94-8D2F-DCFFB69203D2}.Release|Any CPU.Build.0 = Release|Any CPU
	EndGlobalSection
	GlobalSection(SolutionProperties) = preSolution
		HideSolutionNode = FALSE
	EndGlobalSection
	GlobalSection(ExtensibilityGlobals) = postSolution
		SolutionGuid = {51EF002E-BF10-4F5A-A197-726B73201278}
	EndGlobalSection
EndGlobal
